// !$*UTF8*$!
{
	archiveVersion = 1;
	classes = {
	};
	objectVersion = 46;
	objects = {

/* Begin PBXBuildFile section */
		31DF13B217BA21F50088D302 /* UIKit.framework in Frameworks */ = {isa = PBXBuildFile; fileRef = 31DF13B117BA21F50088D302 /* UIKit.framework */; };
		31DF13B417BA21F50088D302 /* Foundation.framework in Frameworks */ = {isa = PBXBuildFile; fileRef = 31DF13B317BA21F50088D302 /* Foundation.framework */; };
		31DF13B617BA21F50088D302 /* CoreGraphics.framework in Frameworks */ = {isa = PBXBuildFile; fileRef = 31DF13B517BA21F50088D302 /* CoreGraphics.framework */; };
		31DF13BC17BA21F50088D302 /* InfoPlist.strings in Resources */ = {isa = PBXBuildFile; fileRef = 31DF13BA17BA21F50088D302 /* InfoPlist.strings */; };
		31DF13BE17BA21F50088D302 /* main.m in Sources */ = {isa = PBXBuildFile; fileRef = 31DF13BD17BA21F50088D302 /* main.m */; };
		31DF13C217BA21F50088D302 /* AppDelegate.m in Sources */ = {isa = PBXBuildFile; fileRef = 31DF13C117BA21F50088D302 /* AppDelegate.m */; };
		31DF13C417BA21F50088D302 /* Default.png in Resources */ = {isa = PBXBuildFile; fileRef = 31DF13C317BA21F50088D302 /* Default.png */; };
		31DF13C617BA21F50088D302 /* Default@2x.png in Resources */ = {isa = PBXBuildFile; fileRef = 31DF13C517BA21F50088D302 /* Default@2x.png */; };
		31DF13C817BA21F50088D302 /* Default-568h@2x.png in Resources */ = {isa = PBXBuildFile; fileRef = 31DF13C717BA21F50088D302 /* Default-568h@2x.png */; };
		31DF13CB17BA21F50088D302 /* MainStoryboard.storyboard in Resources */ = {isa = PBXBuildFile; fileRef = 31DF13C917BA21F50088D302 /* MainStoryboard.storyboard */; };
		31DF13CE17BA21F50088D302 /* ViewController.m in Sources */ = {isa = PBXBuildFile; fileRef = 31DF13CD17BA21F50088D302 /* ViewController.m */; };
/* End PBXBuildFile section */

/* Begin PBXFileReference section */
		31DF13AE17BA21F50088D302 /* L12HelloiOS1.app */ = {isa = PBXFileReference; explicitFileType = wrapper.application; includeInIndex = 0; path = L12HelloiOS1.app; sourceTree = BUILT_PRODUCTS_DIR; };
		31DF13B117BA21F50088D302 /* UIKit.framework */ = {isa = PBXFileReference; lastKnownFileType = wrapper.framework; name = UIKit.framework; path = System/Library/Frameworks/UIKit.framework; sourceTree = SDKROOT; };
		31DF13B317BA21F50088D302 /* Foundation.framework */ = {isa = PBXFileReference; lastKnownFileType = wrapper.framework; name = Foundation.framework; path = System/Library/Frameworks/Foundation.framework; sourceTree = SDKROOT; };
		31DF13B517BA21F50088D302 /* CoreGraphics.framework */ = {isa = PBXFileReference; lastKnownFileType = wrapper.framework; name = CoreGraphics.framework; path = System/Library/Frameworks/CoreGraphics.framework; sourceTree = SDKROOT; };
		31DF13B917BA21F50088D302 /* L12HelloiOS1-Info.plist */ = {isa = PBXFileReference; lastKnownFileType = text.plist.xml; path = "L12HelloiOS1-Info.plist"; sourceTree = "<group>"; };
		31DF13BB17BA21F50088D302 /* en */ = {isa = PBXFileReference; lastKnownFileType = text.plist.strings; name = en; path = en.lproj/InfoPlist.strings; sourceTree = "<group>"; };
		31DF13BD17BA21F50088D302 /* main.m */ = {isa = PBXFileReference; lastKnownFileType = sourcecode.c.objc; path = main.m; sourceTree = "<group>"; };
		31DF13BF17BA21F50088D302 /* L12HelloiOS1-Prefix.pch */ = {isa = PBXFileReference; lastKnownFileType = sourcecode.c.h; path = "L12HelloiOS1-Prefix.pch"; sourceTree = "<group>"; };
		31DF13C017BA21F50088D302 /* AppDelegate.h */ = {isa = PBXFileReference; lastKnownFileType = sourcecode.c.h; path = AppDelegate.h; sourceTree = "<group>"; };
		31DF13C117BA21F50088D302 /* AppDelegate.m */ = {isa = PBXFileReference; lastKnownFileType = sourcecode.c.objc; path = AppDelegate.m; sourceTree = "<group>"; };
		31DF13C317BA21F50088D302 /* Default.png */ = {isa = PBXFileReference; lastKnownFileType = image.png; path = Default.png; sourceTree = "<group>"; };
		31DF13C517BA21F50088D302 /* Default@2x.png */ = {isa = PBXFileReference; lastKnownFileType = image.png; path = "Default@2x.png"; sourceTree = "<group>"; };
		31DF13C717BA21F50088D302 /* Default-568h@2x.png */ = {isa = PBXFileReference; lastKnownFileType = image.png; path = "Default-568h@2x.png"; sourceTree = "<group>"; };
		31DF13CA17BA21F50088D302 /* en */ = {isa = PBXFileReference; lastKnownFileType = file.storyboard; name = en; path = en.lproj/MainStoryboard.storyboard; sourceTree = "<group>"; };
		31DF13CC17BA21F50088D302 /* ViewController.h */ = {isa = PBXFileReference; lastKnownFileType = sourcecode.c.h; path = ViewController.h; sourceTree = "<group>"; };
		31DF13CD17BA21F50088D302 /* ViewController.m */ = {isa = PBXFileReference; lastKnownFileType = sourcecode.c.objc; path = ViewController.m; sourceTree = "<group>"; };
/* End PBXFileReference section */

/* Begin PBXFrameworksBuildPhase section */
		31DF13AB17BA21F50088D302 /* Frameworks */ = {
			isa = PBXFrameworksBuildPhase;
			buildActionMask = 2147483647;
			files = (
				31DF13B217BA21F50088D302 /* UIKit.framework in Frameworks */,
				31DF13B417BA21F50088D302 /* Foundation.framework in Frameworks */,
				31DF13B617BA21F50088D302 /* CoreGraphics.framework in Frameworks */,
			);
			runOnlyForDeploymentPostprocessing = 0;
		};
/* End PBXFrameworksBuildPhase section */

/* Begin PBXGroup section */
		31DF13A517BA21F50088D302 = {
			isa = PBXGroup;
			children = (
				31DF13B717BA21F50088D302 /* L12HelloiOS1 */,
				31DF13B017BA21F50088D302 /* Frameworks */,
				31DF13AF17BA21F50088D302 /* Products */,
			);
			sourceTree = "<group>";
		};
		31DF13AF17BA21F50088D302 /* Products */ = {
			isa = PBXGroup;
			children = (
				31DF13AE17BA21F50088D302 /* L12HelloiOS1.app */,
			);
			name = Products;
			sourceTree = "<group>";
		};
		31DF13B017BA21F50088D302 /* Frameworks */ = {
			isa = PBXGroup;
			children = (
				31DF13B117BA21F50088D302 /* UIKit.framework */,
				31DF13B317BA21F50088D302 /* Foundation.framework */,
				31DF13B517BA21F50088D302 /* CoreGraphics.framework */,
			);
			name = Frameworks;
			sourceTree = "<group>";
		};
		31DF13B717BA21F50088D302 /* L12HelloiOS1 */ = {
			isa = PBXGroup;
			children = (
				31DF13C017BA21F50088D302 /* AppDelegate.h */,
				31DF13C117BA21F50088D302 /* AppDelegate.m */,
				31DF13C917BA21F50088D302 /* MainStoryboard.storyboard */,
				31DF13CC17BA21F50088D302 /* ViewController.h */,
				31DF13CD17BA21F50088D302 /* ViewController.m */,
				31DF13B817BA21F50088D302 /* Supporting Files */,
			);
			path = L12HelloiOS1;
			sourceTree = "<group>";
		};
		31DF13B817BA21F50088D302 /* Supporting Files */ = {
			isa = PBXGroup;
			children = (
				31DF13B917BA21F50088D302 /* L12HelloiOS1-Info.plist */,
				31DF13BA17BA21F50088D302 /* InfoPlist.strings */,
				31DF13BD17BA21F50088D302 /* main.m */,
				31DF13BF17BA21F50088D302 /* L12HelloiOS1-Prefix.pch */,
				31DF13C317BA21F50088D302 /* Default.png */,
				31DF13C517BA21F50088D302 /* Default@2x.png */,
				31DF13C717BA21F50088D302 /* Default-568h@2x.png */,
			);
			name = "Supporting Files";
			sourceTree = "<group>";
		};
/* End PBXGroup section */

/* Begin PBXNativeTarget section */
		31DF13AD17BA21F50088D302 /* L12HelloiOS1 */ = {
			isa = PBXNativeTarget;
			buildConfigurationList = 31DF13D117BA21F50088D302 /* Build configuration list for PBXNativeTarget "L12HelloiOS1" */;
			buildPhases = (
				31DF13AA17BA21F50088D302 /* Sources */,
				31DF13AB17BA21F50088D302 /* Frameworks */,
				31DF13AC17BA21F50088D302 /* Resources */,
			);
			buildRules = (
			);
			dependencies = (
			);
			name = L12HelloiOS1;
			productName = L12HelloiOS1;
			productReference = 31DF13AE17BA21F50088D302 /* L12HelloiOS1.app */;
			productType = "com.apple.product-type.application";
		};
/* End PBXNativeTarget section */

/* Begin PBXProject section */
		31DF13A617BA21F50088D302 /* Project object */ = {
			isa = PBXProject;
			attributes = {
				LastUpgradeCheck = 0460;
				ORGANIZATIONNAME = plter;
			};
			buildConfigurationList = 31DF13A917BA21F50088D302 /* Build configuration list for PBXProject "L12HelloiOS1" */;
			compatibilityVersion = "Xcode 3.2";
			developmentRegion = English;
			hasScannedForEncodings = 0;
			knownRegions = (
				en,
			);
			mainGroup = 31DF13A517BA21F50088D302;
			productRefGroup = 31DF13AF17BA21F50088D302 /* Products */;
			projectDirPath = "";
			projectRoot = "";
			targets = (
				31DF13AD17BA21F50088D302 /* L12HelloiOS1 */,
			);
		};
/* End PBXProject section */

/* Begin PBXResourcesBuildPhase section */
		31DF13AC17BA21F50088D302 /* Resources */ = {
			isa = PBXResourcesBuildPhase;
			buildActionMask = 2147483647;
			files = (
				31DF13BC17BA21F50088D302 /* InfoPlist.strings in Resources */,
				31DF13C417BA21F50088D302 /* Default.png in Resources */,
				31DF13C617BA21F50088D302 /* Default@2x.png in Resources */,
				31DF13C817BA21F50088D302 /* Default-568h@2x.png in Resources */,
				31DF13CB17BA21F50088D302 /* MainStoryboard.storyboard in Resources */,
			);
			runOnlyForDeploymentPostprocessing = 0;
		};
/* End PBXResourcesBuildPhase section */

/* Begin PBXSourcesBuildPhase section */
		31DF13AA17BA21F50088D302 /* Sources */ = {
			isa = PBXSourcesBuildPhase;
			buildActionMask = 2147483647;
			files = (
				31DF13BE17BA21F50088D302 /* main.m in Sources */,
				31DF13C217BA21F50088D302 /* AppDelegate.m in Sources */,
				31DF13CE17BA21F50088D302 /* ViewController.m in Sources */,
			);
			runOnlyForDeploymentPostprocessing = 0;
		};
/* End PBXSourcesBuildPhase section */

/* Begin PBXVariantGroup section */
		31DF13BA17BA21F50088D302 /* InfoPlist.strings */ = {
			isa = PBXVariantGroup;
			children = (
				31DF13BB17BA21F50088D302 /* en */,
			);
			name = InfoPlist.strings;
			sourceTree = "<group>";
		};
		31DF13C917BA21F50088D302 /* MainStoryboard.storyboard */ = {
			isa = PBXVariantGroup;
			children = (
				31DF13CA17BA21F50088D302 /* en */,
			);
			name = MainStoryboard.storyboard;
			sourceTree = "<group>";
		};
/* End PBXVariantGroup section */

/* Begin XCBuildConfiguration section */
		31DF13CF17BA21F50088D302 /* Debug */ = {
			isa = XCBuildConfiguration;
			buildSettings = {
				ALWAYS_SEARCH_USER_PATHS = NO;
				CLANG_CXX_LANGUAGE_STANDARD = "gnu++0x";
				CLANG_CXX_LIBRARY = "libc++";
				CLANG_ENABLE_OBJC_ARC = YES;
				CLANG_WARN_CONSTANT_CONVERSION = YES;
				CLANG_WARN_EMPTY_BODY = YES;
				CLANG_WARN_ENUM_CONVERSION = YES;
				CLANG_WARN_INT_CONVERSION = YES;
				CLANG_WARN__DUPLICATE_METHOD_MATCH = YES;
				"CODE_SIGN_IDENTITY[sdk=iphoneos*]" = "iPhone Developer";
				COPY_PHASE_STRIP = NO;
				GCC_C_LANGUAGE_STANDARD = gnu99;
				GCC_DYNAMIC_NO_PIC = NO;
				GCC_OPTIMIZATION_LEVEL = 0;
				GCC_PREPROCESSOR_DEFINITIONS = (
					"DEBUG=1",
					"$(inherited)",
				);
				GCC_SYMBOLS_PRIVATE_EXTERN = NO;
				GCC_WARN_ABOUT_RETURN_TYPE = YES;
				GCC_WARN_UNINITIALIZED_AUTOS = YES;
				GCC_WARN_UNUSED_VARIABLE = YES;
				IPHONEOS_DEPLOYMENT_TARGET = 6.1;
				ONLY_ACTIVE_ARCH = YES;
				SDKROOT = iphoneos;
			};
			name = Debug;
		};
		31DF13D017BA21F50088D302 /* Release */ = {
			isa = XCBuildConfiguration;
			buildSettings = {
				ALWAYS_SEARCH_USER_PATHS = NO;
				CLANG_CXX_LANGUAGE_STANDARD = "gnu++0x";
				CLANG_CXX_LIBRARY = "libc++";
				CLANG_ENABLE_OBJC_ARC = YES;
				CLANG_WARN_CONSTANT_CONVERSION = YES;
				CLANG_WARN_EMPTY_BODY = YES;
				CLANG_WARN_ENUM_CONVERSION = YES;
				CLANG_WARN_INT_CONVERSION = YES;
				CLANG_WARN__DUPLICATE_METHOD_MATCH = YES;
				"CODE_SIGN_IDENTITY[sdk=iphoneos*]" = "iPhone Developer";
				COPY_PHASE_STRIP = YES;
				GCC_C_LANGUAGE_STANDARD = gnu99;
				GCC_WARN_ABOUT_RETURN_TYPE = YES;
				GCC_WARN_UNINITIALIZED_AUTOS = YES;
				GCC_WARN_UNUSED_VARIABLE = YES;
				IPHONEOS_DEPLOYMENT_TARGET = 6.1;
				OTHER_CFLAGS = "-DNS_BLOCK_ASSERTIONS=1";
				SDKROOT = iphoneos;
				VALIDATE_PRODUCT = YES;
			};
			name = Release;
		};
		31DF13D217BA21F50088D302 /* Debug */ = {
			isa = XCBuildConfiguration;
			buildSettings = {
				GCC_PRECOMPILE_PREFIX_HEADER = YES;
				GCC_PREFIX_HEADER = "L12HelloiOS1/L12HelloiOS1-Prefix.pch";
				INFOPLIST_FILE = "L12HelloiOS1/L12HelloiOS1-Info.plist";
				PRODUCT_NAME = "$(TARGET_NAME)";
				WRAPPER_EXTENSION = app;
			};
			name = Debug;
		};
		31DF13D317BA21F50088D302 /* Release */ = {
			isa = XCBuildConfiguration;
			buildSettings = {
				GCC_PRECOMPILE_PREFIX_HEADER = YES;
				GCC_PREFIX_HEADER = "L12HelloiOS1/L12HelloiOS1-Prefix.pch";
				INFOPLIST_FILE = "L12HelloiOS1/L12HelloiOS1-Info.plist";
				PRODUCT_NAME = "$(TARGET_NAME)";
				WRAPPER_EXTENSION = app;
			};
			name = Release;
		};
/* End XCBuildConfiguration section */

/* Begin XCConfigurationList section */
		31DF13A917BA21F50088D302 /* Build configuration list for PBXProject "L12HelloiOS1" */ = {
			isa = XCConfigurationList;
			buildConfigurations = (
				31DF13CF17BA21F50088D302 /* Debug */,
				31DF13D017BA21F50088D302 /* Release */,
			);
			defaultConfigurationIsVisible = 0;
			defaultConfigurationName = Release;
		};
		31DF13D117BA21F50088D302 /* Build configuration list for PBXNativeTarget "L12HelloiOS1" */ = {
			isa = XCConfigurationList;
			buildConfigurations = (
				31DF13D217BA21F50088D302 /* Debug */,
				31DF13D317BA21F50088D302 /* Release */,
			);
			defaultConfigurationIsVisible = 0;
		};
/* End XCConfigurationList section */
	};
	rootObject = 31DF13A617BA21F50088D302 /* Project object */;
}
