// !$*UTF8*$!
{
	archiveVersion = 1;
	classes = {
	};
	objectVersion = 46;
	objects = {

/* Begin PBXBuildFile section */
		31720B3D17BB23F700541018 /* UIKit.framework in Frameworks */ = {isa = PBXBuildFile; fileRef = 31720B3C17BB23F700541018 /* UIKit.framework */; };
		31720B3F17BB23F700541018 /* Foundation.framework in Frameworks */ = {isa = PBXBuildFile; fileRef = 31720B3E17BB23F700541018 /* Foundation.framework */; };
		31720B4117BB23F700541018 /* CoreGraphics.framework in Frameworks */ = {isa = PBXBuildFile; fileRef = 31720B4017BB23F700541018 /* CoreGraphics.framework */; };
		31720B4717BB23F700541018 /* InfoPlist.strings in Resources */ = {isa = PBXBuildFile; fileRef = 31720B4517BB23F700541018 /* InfoPlist.strings */; };
		31720B4917BB23F700541018 /* main.m in Sources */ = {isa = PBXBuildFile; fileRef = 31720B4817BB23F700541018 /* main.m */; };
		31720B4D17BB23F700541018 /* AppDelegate.m in Sources */ = {isa = PBXBuildFile; fileRef = 31720B4C17BB23F700541018 /* AppDelegate.m */; };
		31720B4F17BB23F700541018 /* Default.png in Resources */ = {isa = PBXBuildFile; fileRef = 31720B4E17BB23F700541018 /* Default.png */; };
		31720B5117BB23F700541018 /* Default@2x.png in Resources */ = {isa = PBXBuildFile; fileRef = 31720B5017BB23F700541018 /* Default@2x.png */; };
		31720B5317BB23F800541018 /* Default-568h@2x.png in Resources */ = {isa = PBXBuildFile; fileRef = 31720B5217BB23F800541018 /* Default-568h@2x.png */; };
		31720B5617BB23F800541018 /* MainStoryboard.storyboard in Resources */ = {isa = PBXBuildFile; fileRef = 31720B5417BB23F800541018 /* MainStoryboard.storyboard */; };
		31720B5917BB23F800541018 /* ViewController.m in Sources */ = {isa = PBXBuildFile; fileRef = 31720B5817BB23F800541018 /* ViewController.m */; };
		31720B6417BB24DD00541018 /* tangyan0807.jpg in Resources */ = {isa = PBXBuildFile; fileRef = 31720B6317BB24DD00541018 /* tangyan0807.jpg */; };
		31720B6A17BB25D500541018 /* ImgVC.m in Sources */ = {isa = PBXBuildFile; fileRef = 31720B6917BB25D500541018 /* ImgVC.m */; };
/* End PBXBuildFile section */

/* Begin PBXFileReference section */
		31720B3917BB23F700541018 /* UsingUI.app */ = {isa = PBXFileReference; explicitFileType = wrapper.application; includeInIndex = 0; path = UsingUI.app; sourceTree = BUILT_PRODUCTS_DIR; };
		31720B3C17BB23F700541018 /* UIKit.framework */ = {isa = PBXFileReference; lastKnownFileType = wrapper.framework; name = UIKit.framework; path = System/Library/Frameworks/UIKit.framework; sourceTree = SDKROOT; };
		31720B3E17BB23F700541018 /* Foundation.framework */ = {isa = PBXFileReference; lastKnownFileType = wrapper.framework; name = Foundation.framework; path = System/Library/Frameworks/Foundation.framework; sourceTree = SDKROOT; };
		31720B4017BB23F700541018 /* CoreGraphics.framework */ = {isa = PBXFileReference; lastKnownFileType = wrapper.framework; name = CoreGraphics.framework; path = System/Library/Frameworks/CoreGraphics.framework; sourceTree = SDKROOT; };
		31720B4417BB23F700541018 /* UsingUI-Info.plist */ = {isa = PBXFileReference; lastKnownFileType = text.plist.xml; path = "UsingUI-Info.plist"; sourceTree = "<group>"; };
		31720B4617BB23F700541018 /* en */ = {isa = PBXFileReference; lastKnownFileType = text.plist.strings; name = en; path = en.lproj/InfoPlist.strings; sourceTree = "<group>"; };
		31720B4817BB23F700541018 /* main.m */ = {isa = PBXFileReference; lastKnownFileType = sourcecode.c.objc; path = main.m; sourceTree = "<group>"; };
		31720B4A17BB23F700541018 /* UsingUI-Prefix.pch */ = {isa = PBXFileReference; lastKnownFileType = sourcecode.c.h; path = "UsingUI-Prefix.pch"; sourceTree = "<group>"; };
		31720B4B17BB23F700541018 /* AppDelegate.h */ = {isa = PBXFileReference; lastKnownFileType = sourcecode.c.h; path = AppDelegate.h; sourceTree = "<group>"; };
		31720B4C17BB23F700541018 /* AppDelegate.m */ = {isa = PBXFileReference; lastKnownFileType = sourcecode.c.objc; path = AppDelegate.m; sourceTree = "<group>"; };
		31720B4E17BB23F700541018 /* Default.png */ = {isa = PBXFileReference; lastKnownFileType = image.png; path = Default.png; sourceTree = "<group>"; };
		31720B5017BB23F700541018 /* Default@2x.png */ = {isa = PBXFileReference; lastKnownFileType = image.png; path = "Default@2x.png"; sourceTree = "<group>"; };
		31720B5217BB23F800541018 /* Default-568h@2x.png */ = {isa = PBXFileReference; lastKnownFileType = image.png; path = "Default-568h@2x.png"; sourceTree = "<group>"; };
		31720B5517BB23F800541018 /* en */ = {isa = PBXFileReference; lastKnownFileType = file.storyboard; name = en; path = en.lproj/MainStoryboard.storyboard; sourceTree = "<group>"; };
		31720B5717BB23F800541018 /* ViewController.h */ = {isa = PBXFileReference; lastKnownFileType = sourcecode.c.h; path = ViewController.h; sourceTree = "<group>"; };
		31720B5817BB23F800541018 /* ViewController.m */ = {isa = PBXFileReference; lastKnownFileType = sourcecode.c.objc; path = ViewController.m; sourceTree = "<group>"; };
		31720B6317BB24DD00541018 /* tangyan0807.jpg */ = {isa = PBXFileReference; lastKnownFileType = image.jpeg; path = tangyan0807.jpg; sourceTree = "<group>"; };
		31720B6817BB25D500541018 /* ImgVC.h */ = {isa = PBXFileReference; fileEncoding = 4; lastKnownFileType = sourcecode.c.h; path = ImgVC.h; sourceTree = "<group>"; };
		31720B6917BB25D500541018 /* ImgVC.m */ = {isa = PBXFileReference; fileEncoding = 4; lastKnownFileType = sourcecode.c.objc; path = ImgVC.m; sourceTree = "<group>"; };
/* End PBXFileReference section */

/* Begin PBXFrameworksBuildPhase section */
		31720B3617BB23F700541018 /* Frameworks */ = {
			isa = PBXFrameworksBuildPhase;
			buildActionMask = 2147483647;
			files = (
				31720B3D17BB23F700541018 /* UIKit.framework in Frameworks */,
				31720B3F17BB23F700541018 /* Foundation.framework in Frameworks */,
				31720B4117BB23F700541018 /* CoreGraphics.framework in Frameworks */,
			);
			runOnlyForDeploymentPostprocessing = 0;
		};
/* End PBXFrameworksBuildPhase section */

/* Begin PBXGroup section */
		31720B3017BB23F700541018 = {
			isa = PBXGroup;
			children = (
				31720B6217BB24C500541018 /* Res */,
				31720B4217BB23F700541018 /* UsingUI */,
				31720B3B17BB23F700541018 /* Frameworks */,
				31720B3A17BB23F700541018 /* Products */,
			);
			sourceTree = "<group>";
		};
		31720B3A17BB23F700541018 /* Products */ = {
			isa = PBXGroup;
			children = (
				31720B3917BB23F700541018 /* UsingUI.app */,
			);
			name = Products;
			sourceTree = "<group>";
		};
		31720B3B17BB23F700541018 /* Frameworks */ = {
			isa = PBXGroup;
			children = (
				31720B3C17BB23F700541018 /* UIKit.framework */,
				31720B3E17BB23F700541018 /* Foundation.framework */,
				31720B4017BB23F700541018 /* CoreGraphics.framework */,
			);
			name = Frameworks;
			sourceTree = "<group>";
		};
		31720B4217BB23F700541018 /* UsingUI */ = {
			isa = PBXGroup;
			children = (
				31720B4B17BB23F700541018 /* AppDelegate.h */,
				31720B4C17BB23F700541018 /* AppDelegate.m */,
				31720B5417BB23F800541018 /* MainStoryboard.storyboard */,
				31720B5717BB23F800541018 /* ViewController.h */,
				31720B5817BB23F800541018 /* ViewController.m */,
				31720B4317BB23F700541018 /* Supporting Files */,
				31720B6817BB25D500541018 /* ImgVC.h */,
				31720B6917BB25D500541018 /* ImgVC.m */,
			);
			path = UsingUI;
			sourceTree = "<group>";
		};
		31720B4317BB23F700541018 /* Supporting Files */ = {
			isa = PBXGroup;
			children = (
				31720B4417BB23F700541018 /* UsingUI-Info.plist */,
				31720B4517BB23F700541018 /* InfoPlist.strings */,
				31720B4817BB23F700541018 /* main.m */,
				31720B4A17BB23F700541018 /* UsingUI-Prefix.pch */,
				31720B4E17BB23F700541018 /* Default.png */,
				31720B5017BB23F700541018 /* Default@2x.png */,
				31720B5217BB23F800541018 /* Default-568h@2x.png */,
			);
			name = "Supporting Files";
			sourceTree = "<group>";
		};
		31720B6217BB24C500541018 /* Res */ = {
			isa = PBXGroup;
			children = (
				31720B6317BB24DD00541018 /* tangyan0807.jpg */,
			);
			name = Res;
			sourceTree = "<group>";
		};
/* End PBXGroup section */

/* Begin PBXNativeTarget section */
		31720B3817BB23F700541018 /* UsingUI */ = {
			isa = PBXNativeTarget;
			buildConfigurationList = 31720B5C17BB23F800541018 /* Build configuration list for PBXNativeTarget "UsingUI" */;
			buildPhases = (
				31720B3517BB23F700541018 /* Sources */,
				31720B3617BB23F700541018 /* Frameworks */,
				31720B3717BB23F700541018 /* Resources */,
			);
			buildRules = (
			);
			dependencies = (
			);
			name = UsingUI;
			productName = UsingUI;
			productReference = 31720B3917BB23F700541018 /* UsingUI.app */;
			productType = "com.apple.product-type.application";
		};
/* End PBXNativeTarget section */

/* Begin PBXProject section */
		31720B3117BB23F700541018 /* Project object */ = {
			isa = PBXProject;
			attributes = {
				LastUpgradeCheck = 0460;
				ORGANIZATIONNAME = plter;
			};
			buildConfigurationList = 31720B3417BB23F700541018 /* Build configuration list for PBXProject "UsingUI" */;
			compatibilityVersion = "Xcode 3.2";
			developmentRegion = English;
			hasScannedForEncodings = 0;
			knownRegions = (
				en,
			);
			mainGroup = 31720B3017BB23F700541018;
			productRefGroup = 31720B3A17BB23F700541018 /* Products */;
			projectDirPath = "";
			projectRoot = "";
			targets = (
				31720B3817BB23F700541018 /* UsingUI */,
			);
		};
/* End PBXProject section */

/* Begin PBXResourcesBuildPhase section */
		31720B3717BB23F700541018 /* Resources */ = {
			isa = PBXResourcesBuildPhase;
			buildActionMask = 2147483647;
			files = (
				31720B4717BB23F700541018 /* InfoPlist.strings in Resources */,
				31720B4F17BB23F700541018 /* Default.png in Resources */,
				31720B5117BB23F700541018 /* Default@2x.png in Resources */,
				31720B5317BB23F800541018 /* Default-568h@2x.png in Resources */,
				31720B5617BB23F800541018 /* MainStoryboard.storyboard in Resources */,
				31720B6417BB24DD00541018 /* tangyan0807.jpg in Resources */,
			);
			runOnlyForDeploymentPostprocessing = 0;
		};
/* End PBXResourcesBuildPhase section */

/* Begin PBXSourcesBuildPhase section */
		31720B3517BB23F700541018 /* Sources */ = {
			isa = PBXSourcesBuildPhase;
			buildActionMask = 2147483647;
			files = (
				31720B4917BB23F700541018 /* main.m in Sources */,
				31720B4D17BB23F700541018 /* AppDelegate.m in Sources */,
				31720B5917BB23F800541018 /* ViewController.m in Sources */,
				31720B6A17BB25D500541018 /* ImgVC.m in Sources */,
			);
			runOnlyForDeploymentPostprocessing = 0;
		};
/* End PBXSourcesBuildPhase section */

/* Begin PBXVariantGroup section */
		31720B4517BB23F700541018 /* InfoPlist.strings */ = {
			isa = PBXVariantGroup;
			children = (
				31720B4617BB23F700541018 /* en */,
			);
			name = InfoPlist.strings;
			sourceTree = "<group>";
		};
		31720B5417BB23F800541018 /* MainStoryboard.storyboard */ = {
			isa = PBXVariantGroup;
			children = (
				31720B5517BB23F800541018 /* en */,
			);
			name = MainStoryboard.storyboard;
			sourceTree = "<group>";
		};
/* End PBXVariantGroup section */

/* Begin XCBuildConfiguration section */
		31720B5A17BB23F800541018 /* Debug */ = {
			isa = XCBuildConfiguration;
			buildSettings = {
				ALWAYS_SEARCH_USER_PATHS = NO;
				CLANG_CXX_LANGUAGE_STANDARD = "gnu++0x";
				CLANG_CXX_LIBRARY = "libc++";
				CLANG_ENABLE_OBJC_ARC = YES;
				CLANG_WARN_CONSTANT_CONVERSION = YES;
				CLANG_WARN_EMPTY_BODY = YES;
				CLANG_WARN_ENUM_CONVERSION = YES;
				CLANG_WARN_INT_CONVERSION = YES;
				CLANG_WARN__DUPLICATE_METHOD_MATCH = YES;
				"CODE_SIGN_IDENTITY[sdk=iphoneos*]" = "iPhone Developer";
				COPY_PHASE_STRIP = NO;
				GCC_C_LANGUAGE_STANDARD = gnu99;
				GCC_DYNAMIC_NO_PIC = NO;
				GCC_OPTIMIZATION_LEVEL = 0;
				GCC_PREPROCESSOR_DEFINITIONS = (
					"DEBUG=1",
					"$(inherited)",
				);
				GCC_SYMBOLS_PRIVATE_EXTERN = NO;
				GCC_WARN_ABOUT_RETURN_TYPE = YES;
				GCC_WARN_UNINITIALIZED_AUTOS = YES;
				GCC_WARN_UNUSED_VARIABLE = YES;
				IPHONEOS_DEPLOYMENT_TARGET = 6.1;
				ONLY_ACTIVE_ARCH = YES;
				SDKROOT = iphoneos;
			};
			name = Debug;
		};
		31720B5B17BB23F800541018 /* Release */ = {
			isa = XCBuildConfiguration;
			buildSettings = {
				ALWAYS_SEARCH_USER_PATHS = NO;
				CLANG_CXX_LANGUAGE_STANDARD = "gnu++0x";
				CLANG_CXX_LIBRARY = "libc++";
				CLANG_ENABLE_OBJC_ARC = YES;
				CLANG_WARN_CONSTANT_CONVERSION = YES;
				CLANG_WARN_EMPTY_BODY = YES;
				CLANG_WARN_ENUM_CONVERSION = YES;
				CLANG_WARN_INT_CONVERSION = YES;
				CLANG_WARN__DUPLICATE_METHOD_MATCH = YES;
				"CODE_SIGN_IDENTITY[sdk=iphoneos*]" = "iPhone Developer";
				COPY_PHASE_STRIP = YES;
				GCC_C_LANGUAGE_STANDARD = gnu99;
				GCC_WARN_ABOUT_RETURN_TYPE = YES;
				GCC_WARN_UNINITIALIZED_AUTOS = YES;
				GCC_WARN_UNUSED_VARIABLE = YES;
				IPHONEOS_DEPLOYMENT_TARGET = 6.1;
				OTHER_CFLAGS = "-DNS_BLOCK_ASSERTIONS=1";
				SDKROOT = iphoneos;
				VALIDATE_PRODUCT = YES;
			};
			name = Release;
		};
		31720B5D17BB23F800541018 /* Debug */ = {
			isa = XCBuildConfiguration;
			buildSettings = {
				GCC_PRECOMPILE_PREFIX_HEADER = YES;
				GCC_PREFIX_HEADER = "UsingUI/UsingUI-Prefix.pch";
				INFOPLIST_FILE = "UsingUI/UsingUI-Info.plist";
				PRODUCT_NAME = "$(TARGET_NAME)";
				WRAPPER_EXTENSION = app;
			};
			name = Debug;
		};
		31720B5E17BB23F800541018 /* Release */ = {
			isa = XCBuildConfiguration;
			buildSettings = {
				GCC_PRECOMPILE_PREFIX_HEADER = YES;
				GCC_PREFIX_HEADER = "UsingUI/UsingUI-Prefix.pch";
				INFOPLIST_FILE = "UsingUI/UsingUI-Info.plist";
				PRODUCT_NAME = "$(TARGET_NAME)";
				WRAPPER_EXTENSION = app;
			};
			name = Release;
		};
/* End XCBuildConfiguration section */

/* Begin XCConfigurationList section */
		31720B3417BB23F700541018 /* Build configuration list for PBXProject "UsingUI" */ = {
			isa = XCConfigurationList;
			buildConfigurations = (
				31720B5A17BB23F800541018 /* Debug */,
				31720B5B17BB23F800541018 /* Release */,
			);
			defaultConfigurationIsVisible = 0;
			defaultConfigurationName = Release;
		};
		31720B5C17BB23F800541018 /* Build configuration list for PBXNativeTarget "UsingUI" */ = {
			isa = XCConfigurationList;
			buildConfigurations = (
				31720B5D17BB23F800541018 /* Debug */,
				31720B5E17BB23F800541018 /* Release */,
			);
			defaultConfigurationIsVisible = 0;
		};
/* End XCConfigurationList section */
	};
	rootObject = 31720B3117BB23F700541018 /* Project object */;
}
